
Microsoft Visual Studio Solution File, Format Version 12.00
# Visual Studio 2013
VisualStudioVersion = 12.0.40629.0
MinimumVisualStudioVersion = 10.0.40219.1
Project("{FAE04EC0-301F-11D3-BF4B-00C04F79EFBC}") = "ENode.MySqlExtensions", "ENode.MySqlExtensions\ENode.MySqlExtensions.csproj", "{5591C100-5DA7-4D74-8B9A-B43C59015A64}"
EndProject
Project("{FAE04EC0-301F-11D3-BF4B-00C04F79EFBC}") = "ENode.MySqlExtensionsUnitTest", "ENode.MySqlExtensionsUnitTest\ENode.MySqlExtensionsUnitTest.csproj", "{909ECF19-2826-4B7A-BA43-1BB5191AEF6A}"
EndProject
Project("{2150E333-8FDC-42A3-9474-1A3956D46DE8}") = ".nuget", ".nuget", "{EF9B4FF5-66A6-42F3-B676-EE0F99041728}"
	ProjectSection(SolutionItems) = preProject
		.nuget\NuGet.Config = .nuget\NuGet.Config
		.nuget\NuGet.exe = .nuget\NuGet.exe
		.nuget\NuGet.targets = .nuget\NuGet.targets
	EndProjectSection
EndProject
Global
	GlobalSection(SolutionConfigurationPlatforms) = preSolution
		Debug|Any CPU = Debug|Any CPU
		Release|Any CPU = Release|Any CPU
	EndGlobalSection
	GlobalSection(ProjectConfigurationPlatforms) = postSolution
		{5591C100-5DA7-4D74-8B9A-B43C59015A64}.Debug|Any CPU.ActiveCfg = Debug|Any CPU
		{5591C100-5DA7-4D74-8B9A-B43C59015A64}.Debug|Any CPU.Build.0 = Debug|Any CPU
		{5591C100-5DA7-4D74-8B9A-B43C59015A64}.Release|Any CPU.ActiveCfg = Release|Any CPU
		{5591C100-5DA7-4D74-8B9A-B43C59015A64}.Release|Any CPU.Build.0 = Release|Any CPU
		{909ECF19-2826-4B7A-BA43-1BB5191AEF6A}.Debug|Any CPU.ActiveCfg = Debug|Any CPU
		{909ECF19-2826-4B7A-BA43-1BB5191AEF6A}.Debug|Any CPU.Build.0 = Debug|Any CPU
		{909ECF19-2826-4B7A-BA43-1BB5191AEF6A}.Release|Any CPU.ActiveCfg = Release|Any CPU
		{909ECF19-2826-4B7A-BA43-1BB5191AEF6A}.Release|Any CPU.Build.0 = Release|Any CPU
	EndGlobalSection
	GlobalSection(SolutionProperties) = preSolution
		HideSolutionNode = FALSE
	EndGlobalSection
EndGlobal
